
Microsoft Visual Studio Solution File, Format Version 12.00
# Visual Studio 15
VisualStudioVersion = 15.0.27703.2026
MinimumVisualStudioVersion = 10.0.40219.1
Project("{9A19103F-16F7-4668-BE54-9A1E7A4F7556}") = "Iridium.Cache", "Iridium.Cache\Iridium.Cache.csproj", "{3C94CA22-92F9-4648-8CF9-9042EA5786ED}"
EndProject
Project("{FAE04EC0-301F-11D3-BF4B-00C04F79EFBC}") = "Iridium.Cache.Test", "Iridium.Cache.Test\Iridium.Cache.Test.csproj", "{10DC72F6-1978-4A52-BB5B-F0BC9A632074}"
EndProject
Global
	GlobalSection(SolutionConfigurationPlatforms) = preSolution
		Debug|Any CPU = Debug|Any CPU
		Release|Any CPU = Release|Any CPU
	EndGlobalSection
	GlobalSection(ProjectConfigurationPlatforms) = postSolution
		{3C94CA22-92F9-4648-8CF9-9042EA5786ED}.Debug|Any CPU.ActiveCfg = Debug|Any CPU
		{3C94CA22-92F9-4648-8CF9-9042EA5786ED}.Debug|Any CPU.Build.0 = Debug|Any CPU
		{3C94CA22-92F9-4648-8CF9-9042EA5786ED}.Release|Any CPU.ActiveCfg = Release|Any CPU
		{3C94CA22-92F9-4648-8CF9-9042EA5786ED}.Release|Any CPU.Build.0 = Release|Any CPU
		{10DC72F6-1978-4A52-BB5B-F0BC9A632074}.Debug|Any CPU.ActiveCfg = Debug|Any CPU
		{10DC72F6-1978-4A52-BB5B-F0BC9A632074}.Debug|Any CPU.Build.0 = Debug|Any CPU
		{10DC72F6-1978-4A52-BB5B-F0BC9A632074}.Release|Any CPU.ActiveCfg = Release|Any CPU
		{10DC72F6-1978-4A52-BB5B-F0BC9A632074}.Release|Any CPU.Build.0 = Release|Any CPU
	EndGlobalSection
	GlobalSection(SolutionProperties) = preSolution
		HideSolutionNode = FALSE
	EndGlobalSection
	GlobalSection(ExtensibilityGlobals) = postSolution
		SolutionGuid = {0D649F37-2047-4CB0-9133-6959AD1EC2FD}
	EndGlobalSection
EndGlobal
